
Microsoft Visual Studio Solution File, Format Version 12.00
# Visual Studio Version 17
VisualStudioVersion = 17.5.33414.496
MinimumVisualStudioVersion = 10.0.40219.1
Project("{FAE04EC0-301F-11D3-BF4B-00C04F79EFBC}") = "SudokuSolver", "SudokuSolver\SudokuSolver.csproj", "{596A8E23-E211-479F-9AA9-9D409163AFF7}"
EndProject
Project("{FAE04EC0-301F-11D3-BF4B-00C04F79EFBC}") = "SudokuLibrary", "SudokuLibrary\SudokuLibrary.csproj", "{A3A4A18D-CAF8-4D40-BF2A-E416A27422F7}"
EndProject
Global
	GlobalSection(SolutionConfigurationPlatforms) = preSolution
		Debug|Any CPU = Debug|Any CPU
		Release|Any CPU = Release|Any CPU
	EndGlobalSection
	GlobalSection(ProjectConfigurationPlatforms) = postSolution
		{596A8E23-E211-479F-9AA9-9D409163AFF7}.Debug|Any CPU.ActiveCfg = Debug|Any CPU
		{596A8E23-E211-479F-9AA9-9D409163AFF7}.Debug|Any CPU.Build.0 = Debug|Any CPU
		{596A8E23-E211-479F-9AA9-9D409163AFF7}.Release|Any CPU.ActiveCfg = Release|Any CPU
		{596A8E23-E211-479F-9AA9-9D409163AFF7}.Release|Any CPU.Build.0 = Release|Any CPU
		{A3A4A18D-CAF8-4D40-BF2A-E416A27422F7}.Debug|Any CPU.ActiveCfg = Debug|Any CPU
		{A3A4A18D-CAF8-4D40-BF2A-E416A27422F7}.Debug|Any CPU.Build.0 = Debug|Any CPU
		{A3A4A18D-CAF8-4D40-BF2A-E416A27422F7}.Release|Any CPU.ActiveCfg = Release|Any CPU
		{A3A4A18D-CAF8-4D40-BF2A-E416A27422F7}.Release|Any CPU.Build.0 = Release|Any CPU
	EndGlobalSection
	GlobalSection(SolutionProperties) = preSolution
		HideSolutionNode = FALSE
	EndGlobalSection
	GlobalSection(ExtensibilityGlobals) = postSolution
		SolutionGuid = {93E0D19F-D55E-45A0-861A-A25AF50696C8}
	EndGlobalSection
EndGlobal
